
Microsoft Visual Studio Solution File, Format Version 12.00
# Visual Studio Version 17
VisualStudioVersion = 17.8.34330.188
MinimumVisualStudioVersion = 10.0.40219.1
Project("{FAE04EC0-301F-11D3-BF4B-00C04F79EFBC}") = "Pattern.Factory.Core", "Pattern.Factory.Core\Pattern.Factory.Core.csproj", "{2D9D6BC3-CEE2-4A02-9531-6B871BE59187}"
EndProject
Global
	GlobalSection(SolutionConfigurationPlatforms) = preSolution
		Debug|Any CPU = Debug|Any CPU
		Release|Any CPU = Release|Any CPU
	EndGlobalSection
	GlobalSection(ProjectConfigurationPlatforms) = postSolution
		{2D9D6BC3-CEE2-4A02-9531-6B871BE59187}.Debug|Any CPU.ActiveCfg = Debug|Any CPU
		{2D9D6BC3-CEE2-4A02-9531-6B871BE59187}.Debug|Any CPU.Build.0 = Debug|Any CPU
		{2D9D6BC3-CEE2-4A02-9531-6B871BE59187}.Release|Any CPU.ActiveCfg = Release|Any CPU
		{2D9D6BC3-CEE2-4A02-9531-6B871BE59187}.Release|Any CPU.Build.0 = Release|Any CPU
	EndGlobalSection
	GlobalSection(SolutionProperties) = preSolution
		HideSolutionNode = FALSE
	EndGlobalSection
	GlobalSection(ExtensibilityGlobals) = postSolution
		SolutionGuid = {C251AA21-9EEE-4903-AEE4-0217BBF6BD6B}
	EndGlobalSection
EndGlobal
